
Microsoft Visual Studio Solution File, Format Version 12.00
# Visual Studio Version 17
VisualStudioVersion = 17.4.33205.214
MinimumVisualStudioVersion = 10.0.40219.1
Project("{FAE04EC0-301F-11D3-BF4B-00C04F79EFBC}") = "Kaitos", "Kaitos\Kaitos.csproj", "{324DA09C-1870-4AB4-9002-DD33C80787EE}"
EndProject
Global
	GlobalSection(SolutionConfigurationPlatforms) = preSolution
		Debug|Any CPU = Debug|Any CPU
		Release|Any CPU = Release|Any CPU
	EndGlobalSection
	GlobalSection(ProjectConfigurationPlatforms) = postSolution
		{324DA09C-1870-4AB4-9002-DD33C80787EE}.Debug|Any CPU.ActiveCfg = Debug|Any CPU
		{324DA09C-1870-4AB4-9002-DD33C80787EE}.Debug|Any CPU.Build.0 = Debug|Any CPU
		{324DA09C-1870-4AB4-9002-DD33C80787EE}.Release|Any CPU.ActiveCfg = Release|Any CPU
		{324DA09C-1870-4AB4-9002-DD33C80787EE}.Release|Any CPU.Build.0 = Release|Any CPU
	EndGlobalSection
	GlobalSection(SolutionProperties) = preSolution
		HideSolutionNode = FALSE
	EndGlobalSection
	GlobalSection(ExtensibilityGlobals) = postSolution
		SolutionGuid = {367BA5A2-D8DC-4D72-B5FF-EFC63F3493FA}
	EndGlobalSection
EndGlobal
